
Microsoft Visual Studio Solution File, Format Version 12.00
# Visual Studio Version 17
VisualStudioVersion = 17.13.35828.75
MinimumVisualStudioVersion = 10.0.40219.1
Project("{FAE04EC0-301F-11D3-BF4B-00C04F79EFBC}") = "scrap", "scrap\scrap.csproj", "{41A59D88-9B1A-4615-B3F5-C0FC4943DB69}"
EndProject
Project("{54435603-DBB4-11D2-8724-00A0C9A8B90C}") = "MyAppSetup", "MyAppSetup\MyAppSetup.vdproj", "{BD160803-94E9-79E6-4131-03D3F75D2EC7}"
EndProject
Global
	GlobalSection(SolutionConfigurationPlatforms) = preSolution
		Debug|Any CPU = Debug|Any CPU
		Release|Any CPU = Release|Any CPU
	EndGlobalSection
	GlobalSection(ProjectConfigurationPlatforms) = postSolution
		{41A59D88-9B1A-4615-B3F5-C0FC4943DB69}.Debug|Any CPU.ActiveCfg = Debug|Any CPU
		{41A59D88-9B1A-4615-B3F5-C0FC4943DB69}.Debug|Any CPU.Build.0 = Debug|Any CPU
		{41A59D88-9B1A-4615-B3F5-C0FC4943DB69}.Release|Any CPU.ActiveCfg = Release|Any CPU
		{41A59D88-9B1A-4615-B3F5-C0FC4943DB69}.Release|Any CPU.Build.0 = Release|Any CPU
		{BD160803-94E9-79E6-4131-03D3F75D2EC7}.Debug|Any CPU.ActiveCfg = Debug
		{BD160803-94E9-79E6-4131-03D3F75D2EC7}.Release|Any CPU.ActiveCfg = Release
	EndGlobalSection
	GlobalSection(SolutionProperties) = preSolution
		HideSolutionNode = FALSE
	EndGlobalSection
	GlobalSection(ExtensibilityGlobals) = postSolution
		SolutionGuid = {5B0586DE-14CD-43F9-834B-F75B3222DECE}
	EndGlobalSection
EndGlobal
